
Microsoft Visual Studio Solution File, Format Version 12.00
# Visual Studio Version 17
VisualStudioVersion = 17.0.31903.59
MinimumVisualStudioVersion = 10.0.40219.1
Project("{2150E333-8FDC-42A3-9474-1A3956D46DE8}") = "src", "src", "{__GUID_SRC__}"
EndProject
Project("{FAE04EC0-301F-11D3-BF4B-00C04F79EFBC}") = "__SERVICE_PASCAL__.Domain", "src\__SERVICE_PASCAL__.Domain\__SERVICE_PASCAL__.Domain.csproj", "{__GUID_DOMAIN__}"
EndProject
Project("{FAE04EC0-301F-11D3-BF4B-00C04F79EFBC}") = "__SERVICE_PASCAL__.Application", "src\__SERVICE_PASCAL__.Application\__SERVICE_PASCAL__.Application.csproj", "{__GUID_APPLICATION__}"
EndProject
Project("{FAE04EC0-301F-11D3-BF4B-00C04F79EFBC}") = "__SERVICE_PASCAL__.Infrastructure", "src\__SERVICE_PASCAL__.Infrastructure\__SERVICE_PASCAL__.Infrastructure.csproj", "{__GUID_INFRASTRUCTURE__}"
EndProject
Project("{FAE04EC0-301F-11D3-BF4B-00C04F79EFBC}") = "__SERVICE_PASCAL__.Api", "src\__SERVICE_PASCAL__.Api\__SERVICE_PASCAL__.Api.csproj", "{__GUID_API__}"
EndProject
Project("{FAE04EC0-301F-11D3-BF4B-00C04F79EFBC}") = "__SERVICE_PASCAL__.Shared", "src\__SERVICE_PASCAL__.Shared\__SERVICE_PASCAL__.Shared.csproj", "{__GUID_SHARED__}"
EndProject
Project("{2150E333-8FDC-42A3-9474-1A3956D46DE8}") = "tools", "tools", "{__GUID_TOOLS__}"
EndProject
Project("{FAE04EC0-301F-11D3-BF4B-00C04F79EFBC}") = "__SERVICE_PASCAL__.Cli", "tools\__SERVICE_PASCAL__.Cli\__SERVICE_PASCAL__.Cli.csproj", "{__GUID_CLI__}"
EndProject
Project("{2150E333-8FDC-42A3-9474-1A3956D46DE8}") = "tests", "tests", "{__GUID_TESTS__}"
EndProject
Project("{FAE04EC0-301F-11D3-BF4B-00C04F79EFBC}") = "__SERVICE_PASCAL__.Tests.Unit", "tests\__SERVICE_PASCAL__.Tests.Unit\__SERVICE_PASCAL__.Tests.Unit.csproj", "{__GUID_TESTS_UNIT__}"
EndProject
Project("{FAE04EC0-301F-11D3-BF4B-00C04F79EFBC}") = "__SERVICE_PASCAL__.Tests.Integration", "tests\__SERVICE_PASCAL__.Tests.Integration\__SERVICE_PASCAL__.Tests.Integration.csproj", "{__GUID_TESTS_INTEGRATION__}"
EndProject
Global
	GlobalSection(SolutionConfigurationPlatforms) = preSolution
		Debug|Any CPU = Debug|Any CPU
		Release|Any CPU = Release|Any CPU
	EndGlobalSection
	GlobalSection(SolutionProperties) = preSolution
		HideSolutionNode = FALSE
	EndGlobalSection
	GlobalSection(ProjectConfigurationPlatforms) = postSolution
		{__GUID_DOMAIN__}.Debug|Any CPU.ActiveCfg = Debug|Any CPU
		{__GUID_DOMAIN__}.Debug|Any CPU.Build.0 = Debug|Any CPU
		{__GUID_DOMAIN__}.Release|Any CPU.ActiveCfg = Release|Any CPU
		{__GUID_DOMAIN__}.Release|Any CPU.Build.0 = Release|Any CPU
		{__GUID_APPLICATION__}.Debug|Any CPU.ActiveCfg = Debug|Any CPU
		{__GUID_APPLICATION__}.Debug|Any CPU.Build.0 = Debug|Any CPU
		{__GUID_APPLICATION__}.Release|Any CPU.ActiveCfg = Release|Any CPU
		{__GUID_APPLICATION__}.Release|Any CPU.Build.0 = Release|Any CPU
		{__GUID_INFRASTRUCTURE__}.Debug|Any CPU.ActiveCfg = Debug|Any CPU
		{__GUID_INFRASTRUCTURE__}.Debug|Any CPU.Build.0 = Debug|Any CPU
		{__GUID_INFRASTRUCTURE__}.Release|Any CPU.ActiveCfg = Release|Any CPU
		{__GUID_INFRASTRUCTURE__}.Release|Any CPU.Build.0 = Release|Any CPU
		{__GUID_API__}.Debug|Any CPU.ActiveCfg = Debug|Any CPU
		{__GUID_API__}.Debug|Any CPU.Build.0 = Debug|Any CPU
		{__GUID_API__}.Release|Any CPU.ActiveCfg = Release|Any CPU
		{__GUID_API__}.Release|Any CPU.Build.0 = Release|Any CPU
		{__GUID_SHARED__}.Debug|Any CPU.ActiveCfg = Debug|Any CPU
		{__GUID_SHARED__}.Debug|Any CPU.Build.0 = Debug|Any CPU
		{__GUID_SHARED__}.Release|Any CPU.ActiveCfg = Release|Any CPU
		{__GUID_SHARED__}.Release|Any CPU.Build.0 = Release|Any CPU
		{__GUID_CLI__}.Debug|Any CPU.ActiveCfg = Debug|Any CPU
		{__GUID_CLI__}.Debug|Any CPU.Build.0 = Debug|Any CPU
		{__GUID_CLI__}.Release|Any CPU.ActiveCfg = Release|Any CPU
		{__GUID_CLI__}.Release|Any CPU.Build.0 = Release|Any CPU
		{__GUID_TESTS_UNIT__}.Debug|Any CPU.ActiveCfg = Debug|Any CPU
		{__GUID_TESTS_UNIT__}.Debug|Any CPU.Build.0 = Debug|Any CPU
		{__GUID_TESTS_UNIT__}.Release|Any CPU.ActiveCfg = Release|Any CPU
		{__GUID_TESTS_UNIT__}.Release|Any CPU.Build.0 = Release|Any CPU
		{__GUID_TESTS_INTEGRATION__}.Debug|Any CPU.ActiveCfg = Debug|Any CPU
		{__GUID_TESTS_INTEGRATION__}.Debug|Any CPU.Build.0 = Debug|Any CPU
		{__GUID_TESTS_INTEGRATION__}.Release|Any CPU.ActiveCfg = Release|Any CPU
		{__GUID_TESTS_INTEGRATION__}.Release|Any CPU.Build.0 = Release|Any CPU
	EndGlobalSection
	GlobalSection(NestedProjects) = preSolution
		{__GUID_DOMAIN__} = {__GUID_SRC__}
		{__GUID_APPLICATION__} = {__GUID_SRC__}
		{__GUID_INFRASTRUCTURE__} = {__GUID_SRC__}
		{__GUID_API__} = {__GUID_SRC__}
		{__GUID_SHARED__} = {__GUID_SRC__}
		{__GUID_CLI__} = {__GUID_TOOLS__}
		{__GUID_TESTS_UNIT__} = {__GUID_TESTS__}
		{__GUID_TESTS_INTEGRATION__} = {__GUID_TESTS__}
	EndGlobalSection
EndGlobal
